
Microsoft Visual Studio Solution File, Format Version 12.00
# Visual Studio Version 17
VisualStudioVersion = 17.8.34525.116
MinimumVisualStudioVersion = 10.0.40219.1
Project("{FAE04EC0-301F-11D3-BF4B-00C04F79EFBC}") = "LINQ", "LINQ\LINQ.csproj", "{2294D67E-55F9-4B65-9580-FE5475F525F2}"
EndProject
Global
	GlobalSection(SolutionConfigurationPlatforms) = preSolution
		Debug|Any CPU = Debug|Any CPU
		Release|Any CPU = Release|Any CPU
	EndGlobalSection
	GlobalSection(ProjectConfigurationPlatforms) = postSolution
		{2294D67E-55F9-4B65-9580-FE5475F525F2}.Debug|Any CPU.ActiveCfg = Debug|Any CPU
		{2294D67E-55F9-4B65-9580-FE5475F525F2}.Debug|Any CPU.Build.0 = Debug|Any CPU
		{2294D67E-55F9-4B65-9580-FE5475F525F2}.Release|Any CPU.ActiveCfg = Release|Any CPU
		{2294D67E-55F9-4B65-9580-FE5475F525F2}.Release|Any CPU.Build.0 = Release|Any CPU
	EndGlobalSection
	GlobalSection(SolutionProperties) = preSolution
		HideSolutionNode = FALSE
	EndGlobalSection
	GlobalSection(ExtensibilityGlobals) = postSolution
		SolutionGuid = {BCEA3D44-82AA-40A4-971F-E4D407E5C103}
	EndGlobalSection
EndGlobal
